{
  "name": "kms",
  "version": "1.0.0",
  "lockfileVersion": 1,
  "requires": true,
  "dependencies": {
    "bootstrap-datepicker": {
      "version": "1.9.0",
      "resolved": "https://registry.npmjs.org/bootstrap-datepicker/-/bootstrap-datepicker-1.9.0.tgz",
      "integrity": "sha512-9rYYbaVOheGYxjOr/+bJCmRPihfy+LkLSg4fIFMT9Od8WwWB/MB50w0JO1eBgKUMbb7PFHQD5uAfI3ArAxZRXA==",
      "requires": {
        "jquery": ">=1.7.1 <4.0.0"
      }
    },
    "bootstrap-sass": {
      "version": "3.4.1",
      "resolved": "https://registry.yarnpkg.com/bootstrap-sass/-/bootstrap-sass-3.4.1.tgz",
      "integrity": "sha1-aEPHOxwligrFyyzG9vUoW2ZKjpo="
    },
    "dommatrix": {
      "version": "1.0.3",
      "resolved": "https://registry.npmjs.org/dommatrix/-/dommatrix-1.0.3.tgz",
      "integrity": "sha512-l32Xp/TLgWb8ReqbVJAFIvXmY7go4nTxxlWiAFyhoQw9RKEOHBZNnyGvJWqDVSPmq3Y9HlM4npqF/T6VMOXhww=="
    },
    "easy-autocomplete": {
      "version": "git+https://github.com/philippks/EasyAutocomplete.git#f46894c17c5ce404a8defde89f74d2e620a2fb31",
      "from": "git+https://github.com/philippks/EasyAutocomplete.git",
      "requires": {
        "jquery": "*"
      }
    },
    "fullcalendar": {
      "version": "3.9.0",
      "resolved": "https://registry.yarnpkg.com/fullcalendar/-/fullcalendar-3.9.0.tgz",
      "integrity": "sha1-tgipmJ80FvCx1SbGvf7q8qx57aU=",
      "requires": {
        "jquery": "2 - 3",
        "moment": "^2.20.1"
      },
      "dependencies": {
        "moment": {
          "version": "2.24.0",
          "resolved": "https://registry.npmjs.org/moment/-/moment-2.24.0.tgz",
          "integrity": "sha512-bV7f+6l2QigeBBZSM/6yTNq4P2fNpSWj/0e7jQcy87A8e7o2nAfP/34/2ky5Vw4B9S446EtIhodAzkFCcR4dQg=="
        }
      }
    },
    "html5sortable": {
      "version": "0.9.17",
      "resolved": "https://registry.npmjs.org/html5sortable/-/html5sortable-0.9.17.tgz",
      "integrity": "sha512-zCr78fJY/EI0qjBZfhpv+V6twTd2+xf32TKsas9bUX5N9uEg0lDl+OCyhr38ebVRzkXjQ+O5xQFN5XCOHkUbTQ=="
    },
    "jquery": {
      "version": "3.5.1",
      "resolved": "https://registry.npmjs.org/jquery/-/jquery-3.5.1.tgz",
      "integrity": "sha512-XwIBPqcMn57FxfT+Go5pzySnm4KWkT1Tv7gjrpT1srtf8Weynl6R273VJ5GjkRb51IzMp5nbaPjJXMWeju2MKg=="
    },
    "moment": {
      "version": "2.25.0",
      "resolved": "https://registry.npmjs.org/moment/-/moment-2.25.0.tgz",
      "integrity": "sha512-vbrf6kJGpevOxmDRvCCvGuCSXvRj93264WcFzjm3Z3pV4lfjrXll8rvSP+EbmCte64udj1LkJMILxQnjXAQBzg=="
    },
    "pdfjs-dist": {
      "version": "2.16.105",
      "resolved": "https://registry.npmjs.org/pdfjs-dist/-/pdfjs-dist-2.16.105.tgz",
      "integrity": "sha512-J4dn41spsAwUxCpEoVf6GVoz908IAA3mYiLmNxg8J9kfRXc2jxpbUepcP0ocp0alVNLFthTAM8DZ1RaHh8sU0A==",
      "requires": {
        "dommatrix": "^1.0.3",
        "web-streams-polyfill": "^3.2.1"
      }
    },
    "web-streams-polyfill": {
      "version": "3.2.1",
      "resolved": "https://registry.npmjs.org/web-streams-polyfill/-/web-streams-polyfill-3.2.1.tgz",
      "integrity": "sha512-e0MO3wdXWKrLbL0DgGnUV7WHVuw9OUvL4hjgnPkIeEvESk74gAITi5G606JtZPp39cd8HA9VQzCIvA49LpPN5Q=="
    }
  }
}
