# This file is generated by running "yarn install" inside your project.
# Manual changes might be lost - proceed with caution!

__metadata:
  version: 8
  cacheKey: 10c0

"@napi-rs/canvas-android-arm64@npm:0.1.88":
  version: 0.1.88
  resolution: "@napi-rs/canvas-android-arm64@npm:0.1.88"
  conditions: os=android & cpu=arm64
  languageName: node
  linkType: hard

"@napi-rs/canvas-darwin-arm64@npm:0.1.88":
  version: 0.1.88
  resolution: "@napi-rs/canvas-darwin-arm64@npm:0.1.88"
  conditions: os=darwin & cpu=arm64
  languageName: node
  linkType: hard

"@napi-rs/canvas-darwin-x64@npm:0.1.88":
  version: 0.1.88
  resolution: "@napi-rs/canvas-darwin-x64@npm:0.1.88"
  conditions: os=darwin & cpu=x64
  languageName: node
  linkType: hard

"@napi-rs/canvas-linux-arm-gnueabihf@npm:0.1.88":
  version: 0.1.88
  resolution: "@napi-rs/canvas-linux-arm-gnueabihf@npm:0.1.88"
  conditions: os=linux & cpu=arm
  languageName: node
  linkType: hard

"@napi-rs/canvas-linux-arm64-gnu@npm:0.1.88":
  version: 0.1.88
  resolution: "@napi-rs/canvas-linux-arm64-gnu@npm:0.1.88"
  conditions: os=linux & cpu=arm64 & libc=glibc
  languageName: node
  linkType: hard

"@napi-rs/canvas-linux-arm64-musl@npm:0.1.88":
  version: 0.1.88
  resolution: "@napi-rs/canvas-linux-arm64-musl@npm:0.1.88"
  conditions: os=linux & cpu=arm64 & libc=musl
  languageName: node
  linkType: hard

"@napi-rs/canvas-linux-riscv64-gnu@npm:0.1.88":
  version: 0.1.88
  resolution: "@napi-rs/canvas-linux-riscv64-gnu@npm:0.1.88"
  conditions: os=linux & cpu=riscv64 & libc=glibc
  languageName: node
  linkType: hard

"@napi-rs/canvas-linux-x64-gnu@npm:0.1.88":
  version: 0.1.88
  resolution: "@napi-rs/canvas-linux-x64-gnu@npm:0.1.88"
  conditions: os=linux & cpu=x64 & libc=glibc
  languageName: node
  linkType: hard

"@napi-rs/canvas-linux-x64-musl@npm:0.1.88":
  version: 0.1.88
  resolution: "@napi-rs/canvas-linux-x64-musl@npm:0.1.88"
  conditions: os=linux & cpu=x64 & libc=musl
  languageName: node
  linkType: hard

"@napi-rs/canvas-win32-arm64-msvc@npm:0.1.88":
  version: 0.1.88
  resolution: "@napi-rs/canvas-win32-arm64-msvc@npm:0.1.88"
  conditions: os=win32 & cpu=arm64
  languageName: node
  linkType: hard

"@napi-rs/canvas-win32-x64-msvc@npm:0.1.88":
  version: 0.1.88
  resolution: "@napi-rs/canvas-win32-x64-msvc@npm:0.1.88"
  conditions: os=win32 & cpu=x64
  languageName: node
  linkType: hard

"@napi-rs/canvas@npm:^0.1.65":
  version: 0.1.88
  resolution: "@napi-rs/canvas@npm:0.1.88"
  dependencies:
    "@napi-rs/canvas-android-arm64": "npm:0.1.88"
    "@napi-rs/canvas-darwin-arm64": "npm:0.1.88"
    "@napi-rs/canvas-darwin-x64": "npm:0.1.88"
    "@napi-rs/canvas-linux-arm-gnueabihf": "npm:0.1.88"
    "@napi-rs/canvas-linux-arm64-gnu": "npm:0.1.88"
    "@napi-rs/canvas-linux-arm64-musl": "npm:0.1.88"
    "@napi-rs/canvas-linux-riscv64-gnu": "npm:0.1.88"
    "@napi-rs/canvas-linux-x64-gnu": "npm:0.1.88"
    "@napi-rs/canvas-linux-x64-musl": "npm:0.1.88"
    "@napi-rs/canvas-win32-arm64-msvc": "npm:0.1.88"
    "@napi-rs/canvas-win32-x64-msvc": "npm:0.1.88"
  dependenciesMeta:
    "@napi-rs/canvas-android-arm64":
      optional: true
    "@napi-rs/canvas-darwin-arm64":
      optional: true
    "@napi-rs/canvas-darwin-x64":
      optional: true
    "@napi-rs/canvas-linux-arm-gnueabihf":
      optional: true
    "@napi-rs/canvas-linux-arm64-gnu":
      optional: true
    "@napi-rs/canvas-linux-arm64-musl":
      optional: true
    "@napi-rs/canvas-linux-riscv64-gnu":
      optional: true
    "@napi-rs/canvas-linux-x64-gnu":
      optional: true
    "@napi-rs/canvas-linux-x64-musl":
      optional: true
    "@napi-rs/canvas-win32-arm64-msvc":
      optional: true
    "@napi-rs/canvas-win32-x64-msvc":
      optional: true
  checksum: 10c0/00543b86c66b0b12aa0c60922099ae69d83379d8a47345c1c6d079a37788dc1c6231b64d72dca20a581d817121efa0a37c965a71ec96d248c91a4627872753d3
  languageName: node
  linkType: hard

"bootstrap-datepicker@npm:^1.10.0":
  version: 1.10.1
  resolution: "bootstrap-datepicker@npm:1.10.1"
  dependencies:
    jquery: "npm:>=3.4.0 <4.0.0"
  checksum: 10c0/bad08e373b70040f4a62003b46dde2e5bd4a7b73aeffb1d504c0a1736b6beaccf56b908d565980491c7f4329377af8c4cfb7bff9c38480ea689210c7c308dc7d
  languageName: node
  linkType: hard

"bootstrap-sass@npm:3.4.1":
  version: 3.4.1
  resolution: "bootstrap-sass@npm:3.4.1"
  checksum: 10c0/a409c0f7c6013ef9641685c761a49b23bb9e2a01a574968731639d959dbccffaf9af5af1b67a375a1f4adb3ca6c28fc493411789962013226f72a4746146adcc
  languageName: node
  linkType: hard

"easy-autocomplete@https://github.com/philippks/EasyAutocomplete.git#upgrade":
  version: 1.4.0
  resolution: "easy-autocomplete@https://github.com/philippks/EasyAutocomplete.git#commit=65ea3a1ec868ebe7290d4acde682e92acc887756"
  dependencies:
    jquery: "npm:*"
  checksum: 10c0/1a06b80187348d28ae685b569d9718285fc630444b2e8b9acc8b37a00f0a6b0b32a34ee64d5916e554c1446314e016d1c4240a376dbb143e8e355672388ae109
  languageName: node
  linkType: hard

"fullcalendar@npm:^3.9.0":
  version: 3.10.5
  resolution: "fullcalendar@npm:3.10.5"
  peerDependencies:
    jquery: 2 - 3
    moment: ^2.20.1
  checksum: 10c0/7f79243ba8e9d5113f1270f570b1280736dd3645c4adbd5aafef25175d2cff7d27304eabfaaf40b6ad33ca4eb9e14bf838bf8b694770dd821a0a1ca85f792e27
  languageName: node
  linkType: hard

"jquery@npm:*, jquery@npm:>=3.4.0 <4.0.0":
  version: 3.7.1
  resolution: "jquery@npm:3.7.1"
  checksum: 10c0/808cfbfb758438560224bf26e17fcd5afc7419170230c810dd11f5c1792e2263e2970cca8d659eb84fcd9acc301edb6d310096e450277d54be4f57071b0c82d9
  languageName: node
  linkType: hard

"kms@workspace:.":
  version: 0.0.0-use.local
  resolution: "kms@workspace:."
  dependencies:
    bootstrap-datepicker: "npm:^1.10.0"
    bootstrap-sass: "npm:3.4.1"
    easy-autocomplete: "https://github.com/philippks/EasyAutocomplete.git#upgrade"
    fullcalendar: "npm:^3.9.0"
    moment: "npm:^2.30.1"
    pdfjs-dist: "npm:^4.2.67"
    sortablejs: "npm:^1.15.2"
  languageName: unknown
  linkType: soft

"moment@npm:^2.30.1":
  version: 2.30.1
  resolution: "moment@npm:2.30.1"
  checksum: 10c0/865e4279418c6de666fca7786607705fd0189d8a7b7624e2e56be99290ac846f90878a6f602e34b4e0455c549b85385b1baf9966845962b313699e7cb847543a
  languageName: node
  linkType: hard

"pdfjs-dist@npm:^4.2.67":
  version: 4.10.38
  resolution: "pdfjs-dist@npm:4.10.38"
  dependencies:
    "@napi-rs/canvas": "npm:^0.1.65"
  dependenciesMeta:
    "@napi-rs/canvas":
      optional: true
  checksum: 10c0/77b022109be7aac00372750a53decea3979409e6ef1cf93bf554351569cd4d1fafc70afae4a9a3e4b4de3facf59d3acd54d324b0fcff781374bcb00493d449ce
  languageName: node
  linkType: hard

"sortablejs@npm:^1.15.2":
  version: 1.15.6
  resolution: "sortablejs@npm:1.15.6"
  checksum: 10c0/a75dcf53e5613b4106d46434e40114830f9c6449b3b439bc1925c1fbf0a0c1f044727a8f3d4ae1759fa7beaa33e7eb0c4a413e6aa88d6026577b59f3658ff727
  languageName: node
  linkType: hard
